
Microsoft Visual Studio Solution File, Format Version 12.00
# Visual Studio 15
VisualStudioVersion = 15.0.28010.2016
MinimumVisualStudioVersion = 10.0.40219.1
Project("{9A19103F-16F7-4668-BE54-9A1E7A4F7556}") = "Gy39Sensor.Core", "Gy39Sensor.Core\Gy39Sensor.Core.csproj", "{DB879D6F-325C-41AC-B052-925F43D92005}"
EndProject
Project("{FAE04EC0-301F-11D3-BF4B-00C04F79EFBC}") = "Gy39Sensor.Demo", "Gy39Sensor.Demo\Gy39Sensor.Demo.csproj", "{9D1219D2-242D-4D7F-9C2A-99552D337B72}"
EndProject
Global
	GlobalSection(SolutionConfigurationPlatforms) = preSolution
		Debug|Any CPU = Debug|Any CPU
		Release|Any CPU = Release|Any CPU
	EndGlobalSection
	GlobalSection(ProjectConfigurationPlatforms) = postSolution
		{DB879D6F-325C-41AC-B052-925F43D92005}.Debug|Any CPU.ActiveCfg = Debug|Any CPU
		{DB879D6F-325C-41AC-B052-925F43D92005}.Debug|Any CPU.Build.0 = Debug|Any CPU
		{DB879D6F-325C-41AC-B052-925F43D92005}.Release|Any CPU.ActiveCfg = Release|Any CPU
		{DB879D6F-325C-41AC-B052-925F43D92005}.Release|Any CPU.Build.0 = Release|Any CPU
		{9D1219D2-242D-4D7F-9C2A-99552D337B72}.Debug|Any CPU.ActiveCfg = Debug|Any CPU
		{9D1219D2-242D-4D7F-9C2A-99552D337B72}.Debug|Any CPU.Build.0 = Debug|Any CPU
		{9D1219D2-242D-4D7F-9C2A-99552D337B72}.Release|Any CPU.ActiveCfg = Release|Any CPU
		{9D1219D2-242D-4D7F-9C2A-99552D337B72}.Release|Any CPU.Build.0 = Release|Any CPU
	EndGlobalSection
	GlobalSection(SolutionProperties) = preSolution
		HideSolutionNode = FALSE
	EndGlobalSection
	GlobalSection(ExtensibilityGlobals) = postSolution
		SolutionGuid = {890E2A17-B7A0-40CF-8C96-6C03C9846D36}
	EndGlobalSection
EndGlobal
